
Microsoft Visual Studio Solution File, Format Version 12.00
# Visual Studio 2012
Project("{FAE04EC0-301F-11D3-BF4B-00C04F79EFBC}") = "myWebService", "myWebService\myWebService.csproj", "{447E9394-19FD-4F13-BCDA-8744BE6D30B2}"
EndProject
Global
	GlobalSection(TeamFoundationVersionControl) = preSolution
		SccNumberOfProjects = 2
		SccEnterpriseProvider = {4CA58AB2-18FA-4F8D-95D4-32DDF27D184C}
		SccTeamFoundationServer = http://192.168.180.11:8080/
		SccLocalPath0 = .
		SccProjectUniqueName1 = myWebService\\myWebService.csproj
		SccProjectName1 = myWebService
		SccLocalPath1 = myWebService
	EndGlobalSection
	GlobalSection(SolutionConfigurationPlatforms) = preSolution
		Debug|Any CPU = Debug|Any CPU
		Release|Any CPU = Release|Any CPU
	EndGlobalSection
	GlobalSection(ProjectConfigurationPlatforms) = postSolution
		{447E9394-19FD-4F13-BCDA-8744BE6D30B2}.Debug|Any CPU.ActiveCfg = Debug|Any CPU
		{447E9394-19FD-4F13-BCDA-8744BE6D30B2}.Debug|Any CPU.Build.0 = Debug|Any CPU
		{447E9394-19FD-4F13-BCDA-8744BE6D30B2}.Release|Any CPU.ActiveCfg = Release|Any CPU
		{447E9394-19FD-4F13-BCDA-8744BE6D30B2}.Release|Any CPU.Build.0 = Release|Any CPU
	EndGlobalSection
	GlobalSection(SolutionProperties) = preSolution
		HideSolutionNode = FALSE
	EndGlobalSection
EndGlobal
